
Microsoft Visual Studio Solution File, Format Version 12.00
# Visual Studio Version 18
VisualStudioVersion = 18.2.11415.280 d18.0
MinimumVisualStudioVersion = 10.0.40219.1
Project("{FAE04EC0-301F-11D3-BF4B-00C04F79EFBC}") = "Opgaver", "Opgaver\Opgaver.csproj", "{F8A92A8D-3356-4F93-9040-628398EC3259}"
EndProject
Project("{FAE04EC0-301F-11D3-BF4B-00C04F79EFBC}") = "WPF", "WPF\WPF.csproj", "{87F3DDF9-5999-44B5-8B9B-403C095EAAC0}"
EndProject
Project("{FAE04EC0-301F-11D3-BF4B-00C04F79EFBC}") = "UnitTest", "UnitTest\UnitTest.csproj", "{117AAE44-9121-43FC-9835-E7F6AA2D721E}"
EndProject
Project("{FAE04EC0-301F-11D3-BF4B-00C04F79EFBC}") = "Teori", "Teori\Teori.csproj", "{5F7F74D3-07AF-45C5-B2C2-AB6C1FDAF365}"
EndProject
Global
	GlobalSection(SolutionConfigurationPlatforms) = preSolution
		Debug|Any CPU = Debug|Any CPU
		Release|Any CPU = Release|Any CPU
	EndGlobalSection
	GlobalSection(ProjectConfigurationPlatforms) = postSolution
		{F8A92A8D-3356-4F93-9040-628398EC3259}.Debug|Any CPU.ActiveCfg = Debug|Any CPU
		{F8A92A8D-3356-4F93-9040-628398EC3259}.Debug|Any CPU.Build.0 = Debug|Any CPU
		{F8A92A8D-3356-4F93-9040-628398EC3259}.Release|Any CPU.ActiveCfg = Release|Any CPU
		{F8A92A8D-3356-4F93-9040-628398EC3259}.Release|Any CPU.Build.0 = Release|Any CPU
		{87F3DDF9-5999-44B5-8B9B-403C095EAAC0}.Debug|Any CPU.ActiveCfg = Debug|Any CPU
		{87F3DDF9-5999-44B5-8B9B-403C095EAAC0}.Debug|Any CPU.Build.0 = Debug|Any CPU
		{87F3DDF9-5999-44B5-8B9B-403C095EAAC0}.Release|Any CPU.ActiveCfg = Release|Any CPU
		{87F3DDF9-5999-44B5-8B9B-403C095EAAC0}.Release|Any CPU.Build.0 = Release|Any CPU
		{117AAE44-9121-43FC-9835-E7F6AA2D721E}.Debug|Any CPU.ActiveCfg = Debug|Any CPU
		{117AAE44-9121-43FC-9835-E7F6AA2D721E}.Debug|Any CPU.Build.0 = Debug|Any CPU
		{117AAE44-9121-43FC-9835-E7F6AA2D721E}.Release|Any CPU.ActiveCfg = Release|Any CPU
		{117AAE44-9121-43FC-9835-E7F6AA2D721E}.Release|Any CPU.Build.0 = Release|Any CPU
		{5F7F74D3-07AF-45C5-B2C2-AB6C1FDAF365}.Debug|Any CPU.ActiveCfg = Debug|Any CPU
		{5F7F74D3-07AF-45C5-B2C2-AB6C1FDAF365}.Debug|Any CPU.Build.0 = Debug|Any CPU
		{5F7F74D3-07AF-45C5-B2C2-AB6C1FDAF365}.Release|Any CPU.ActiveCfg = Release|Any CPU
		{5F7F74D3-07AF-45C5-B2C2-AB6C1FDAF365}.Release|Any CPU.Build.0 = Release|Any CPU
	EndGlobalSection
	GlobalSection(SolutionProperties) = preSolution
		HideSolutionNode = FALSE
	EndGlobalSection
	GlobalSection(ExtensibilityGlobals) = postSolution
		SolutionGuid = {4E9A9971-2036-4BE8-ADF4-19E455F71570}
	EndGlobalSection
EndGlobal
